<?xml version="1.0" encoding="utf-8"?>
<Project ToolsVersion="17.0" xmlns="http://schemas.microsoft.com/developer/msbuild/2003">
  <ItemGroup>
    <ClCompile Include="D:\oil_project\oil_project\src\lgr\LGR_UPGRATED_rearrangement_Corner_Point_Grid_edfm_3d_water_oil_ILUT+BiCGSTAB.cpp">
      <Filter>Source Files</Filter>
    </ClCompile>
  </ItemGroup>
  <ItemGroup>
    <CustomBuild Include="D:\oil_project\oil_project\CMakeLists.txt" />
  </ItemGroup>
  <ItemGroup>
    <Filter Include="Source Files">
      <UniqueIdentifier>{95D1FE3C-86E2-32AD-8718-E62B685D9486}</UniqueIdentifier>
    </Filter>
  </ItemGroup>
</Project>
